
Microsoft Visual Studio Solution File, Format Version 12.00
# Visual Studio 15
VisualStudioVersion = 15.0.28010.2016
MinimumVisualStudioVersion = 10.0.40219.1
Project("{9A19103F-16F7-4668-BE54-9A1E7A4F7556}") = "PRF.Utils.CoreComponents", "PRF.Utils.CoreComponents\PRF.Utils.CoreComponents.csproj", "{9739A0DF-47B8-4303-826A-496136892364}"
EndProject
Project("{FAE04EC0-301F-11D3-BF4B-00C04F79EFBC}") = "PRF.Utils.CoreComponent.UnitTest", "PRF.Utils.CoreComponent.UnitTest\PRF.Utils.CoreComponent.UnitTest.csproj", "{2215E8B7-1386-4462-B357-065D9CFCAA49}"
EndProject
Project("{2150E333-8FDC-42A3-9474-1A3956D46DE8}") = "UnitTests", "UnitTests", "{31D1A634-E8F6-4DDE-8902-439EE8733C63}"
EndProject
Global
	GlobalSection(SolutionConfigurationPlatforms) = preSolution
		Debug|Any CPU = Debug|Any CPU
		Release|Any CPU = Release|Any CPU
	EndGlobalSection
	GlobalSection(ProjectConfigurationPlatforms) = postSolution
		{9739A0DF-47B8-4303-826A-496136892364}.Debug|Any CPU.ActiveCfg = Debug|Any CPU
		{9739A0DF-47B8-4303-826A-496136892364}.Debug|Any CPU.Build.0 = Debug|Any CPU
		{9739A0DF-47B8-4303-826A-496136892364}.Release|Any CPU.ActiveCfg = Release|Any CPU
		{9739A0DF-47B8-4303-826A-496136892364}.Release|Any CPU.Build.0 = Release|Any CPU
		{2215E8B7-1386-4462-B357-065D9CFCAA49}.Debug|Any CPU.ActiveCfg = Debug|Any CPU
		{2215E8B7-1386-4462-B357-065D9CFCAA49}.Debug|Any CPU.Build.0 = Debug|Any CPU
		{2215E8B7-1386-4462-B357-065D9CFCAA49}.Release|Any CPU.ActiveCfg = Release|Any CPU
		{2215E8B7-1386-4462-B357-065D9CFCAA49}.Release|Any CPU.Build.0 = Release|Any CPU
	EndGlobalSection
	GlobalSection(SolutionProperties) = preSolution
		HideSolutionNode = FALSE
	EndGlobalSection
	GlobalSection(NestedProjects) = preSolution
		{2215E8B7-1386-4462-B357-065D9CFCAA49} = {31D1A634-E8F6-4DDE-8902-439EE8733C63}
	EndGlobalSection
	GlobalSection(ExtensibilityGlobals) = postSolution
		SolutionGuid = {6041B5BB-9EB0-45FA-BA6B-97C1B4EBCFCD}
	EndGlobalSection
EndGlobal
